// !$*UTF8*$!
{
	archiveVersion = 1;
	classes = {
	};
	objectVersion = 46;
	objects = {

/* Begin PBXBuildFile section */
		3F07F69C1D8AF9E60040E7B6 /* AppDelegate.swift in Sources */ = {isa = PBXBuildFile; fileRef = 3F07F69B1D8AF9E60040E7B6 /* AppDelegate.swift */; };
		3F07F69E1D8AF9E60040E7B6 /* HaHaViewController.swift in Sources */ = {isa = PBXBuildFile; fileRef = 3F07F69D1D8AF9E60040E7B6 /* HaHaViewController.swift */; };
		3F07F6A11D8AF9E60040E7B6 /* Main.storyboard in Resources */ = {isa = PBXBuildFile; fileRef = 3F07F69F1D8AF9E60040E7B6 /* Main.storyboard */; };
		3F07F6A31D8AF9E60040E7B6 /* Assets.xcassets in Resources */ = {isa = PBXBuildFile; fileRef = 3F07F6A21D8AF9E60040E7B6 /* Assets.xcassets */; };
		3F07F6A61D8AF9E60040E7B6 /* LaunchScreen.storyboard in Resources */ = {isa = PBXBuildFile; fileRef = 3F07F6A41D8AF9E60040E7B6 /* LaunchScreen.storyboard */; };
		3F07F6B31D8AF9FA0040E7B6 /* bart_button.png in Resources */ = {isa = PBXBuildFile; fileRef = 3F07F6AE1D8AF9FA0040E7B6 /* bart_button.png */; };
		3F07F6B41D8AF9FA0040E7B6 /* haha.mp3 in Resources */ = {isa = PBXBuildFile; fileRef = 3F07F6AF1D8AF9FA0040E7B6 /* haha.mp3 */; };
		3F07F6B51D8AF9FA0040E7B6 /* nelson.png in Resources */ = {isa = PBXBuildFile; fileRef = 3F07F6B01D8AF9FA0040E7B6 /* nelson.png */; };
		3F07F6B61D8AF9FA0040E7B6 /* ralph_button.png in Resources */ = {isa = PBXBuildFile; fileRef = 3F07F6B11D8AF9FA0040E7B6 /* ralph_button.png */; };
		3F07F6B71D8AF9FA0040E7B6 /* ralph_icon.png in Resources */ = {isa = PBXBuildFile; fileRef = 3F07F6B21D8AF9FA0040E7B6 /* ralph_icon.png */; };
		3F07F6BA1D8AFA320040E7B6 /* AVFoundation.framework in Frameworks */ = {isa = PBXBuildFile; fileRef = 3F07F6B91D8AFA320040E7B6 /* AVFoundation.framework */; };
/* End PBXBuildFile section */

/* Begin PBXFileReference section */
		3F07F6981D8AF9E60040E7B6 /* HaHa.app */ = {isa = PBXFileReference; explicitFileType = wrapper.application; includeInIndex = 0; path = HaHa.app; sourceTree = BUILT_PRODUCTS_DIR; };
		3F07F69B1D8AF9E60040E7B6 /* AppDelegate.swift */ = {isa = PBXFileReference; lastKnownFileType = sourcecode.swift; path = AppDelegate.swift; sourceTree = "<group>"; };
		3F07F69D1D8AF9E60040E7B6 /* HaHaViewController.swift */ = {isa = PBXFileReference; lastKnownFileType = sourcecode.swift; path = HaHaViewController.swift; sourceTree = "<group>"; };
		3F07F6A01D8AF9E60040E7B6 /* Base */ = {isa = PBXFileReference; lastKnownFileType = file.storyboard; name = Base; path = Base.lproj/Main.storyboard; sourceTree = "<group>"; };
		3F07F6A21D8AF9E60040E7B6 /* Assets.xcassets */ = {isa = PBXFileReference; lastKnownFileType = folder.assetcatalog; path = Assets.xcassets; sourceTree = "<group>"; };
		3F07F6A51D8AF9E60040E7B6 /* Base */ = {isa = PBXFileReference; lastKnownFileType = file.storyboard; name = Base; path = Base.lproj/LaunchScreen.storyboard; sourceTree = "<group>"; };
		3F07F6A71D8AF9E60040E7B6 /* Info.plist */ = {isa = PBXFileReference; lastKnownFileType = text.plist.xml; path = Info.plist; sourceTree = "<group>"; };
		3F07F6AE1D8AF9FA0040E7B6 /* bart_button.png */ = {isa = PBXFileReference; lastKnownFileType = image.png; path = bart_button.png; sourceTree = "<group>"; };
		3F07F6AF1D8AF9FA0040E7B6 /* haha.mp3 */ = {isa = PBXFileReference; lastKnownFileType = audio.mp3; path = haha.mp3; sourceTree = "<group>"; };
		3F07F6B01D8AF9FA0040E7B6 /* nelson.png */ = {isa = PBXFileReference; lastKnownFileType = image.png; path = nelson.png; sourceTree = "<group>"; };
		3F07F6B11D8AF9FA0040E7B6 /* ralph_button.png */ = {isa = PBXFileReference; lastKnownFileType = image.png; path = ralph_button.png; sourceTree = "<group>"; };
		3F07F6B21D8AF9FA0040E7B6 /* ralph_icon.png */ = {isa = PBXFileReference; lastKnownFileType = image.png; path = ralph_icon.png; sourceTree = "<group>"; };
		3F07F6B91D8AFA320040E7B6 /* AVFoundation.framework */ = {isa = PBXFileReference; lastKnownFileType = wrapper.framework; name = AVFoundation.framework; path = System/Library/Frameworks/AVFoundation.framework; sourceTree = SDKROOT; };
/* End PBXFileReference section */

/* Begin PBXFrameworksBuildPhase section */
		3F07F6951D8AF9E60040E7B6 /* Frameworks */ = {
			isa = PBXFrameworksBuildPhase;
			buildActionMask = 2147483647;
			files = (
				3F07F6BA1D8AFA320040E7B6 /* AVFoundation.framework in Frameworks */,
			);
			runOnlyForDeploymentPostprocessing = 0;
		};
/* End PBXFrameworksBuildPhase section */

/* Begin PBXGroup section */
		3F07F68F1D8AF9E60040E7B6 = {
			isa = PBXGroup;
			children = (
				3F07F69A1D8AF9E60040E7B6 /* HaHa */,
				3F07F6991D8AF9E60040E7B6 /* Products */,
				3F07F6B81D8AFA310040E7B6 /* Frameworks */,
			);
			sourceTree = "<group>";
		};
		3F07F6991D8AF9E60040E7B6 /* Products */ = {
			isa = PBXGroup;
			children = (
				3F07F6981D8AF9E60040E7B6 /* HaHa.app */,
			);
			name = Products;
			sourceTree = "<group>";
		};
		3F07F69A1D8AF9E60040E7B6 /* HaHa */ = {
			isa = PBXGroup;
			children = (
				3F07F6AD1D8AF9ED0040E7B6 /* media */,
				3F07F69B1D8AF9E60040E7B6 /* AppDelegate.swift */,
				3F07F69D1D8AF9E60040E7B6 /* HaHaViewController.swift */,
				3F07F69F1D8AF9E60040E7B6 /* Main.storyboard */,
				3F07F6A21D8AF9E60040E7B6 /* Assets.xcassets */,
				3F07F6A41D8AF9E60040E7B6 /* LaunchScreen.storyboard */,
				3F07F6A71D8AF9E60040E7B6 /* Info.plist */,
			);
			path = HaHa;
			sourceTree = "<group>";
		};
		3F07F6AD1D8AF9ED0040E7B6 /* media */ = {
			isa = PBXGroup;
			children = (
				3F07F6AE1D8AF9FA0040E7B6 /* bart_button.png */,
				3F07F6AF1D8AF9FA0040E7B6 /* haha.mp3 */,
				3F07F6B01D8AF9FA0040E7B6 /* nelson.png */,
				3F07F6B11D8AF9FA0040E7B6 /* ralph_button.png */,
				3F07F6B21D8AF9FA0040E7B6 /* ralph_icon.png */,
			);
			name = media;
			sourceTree = "<group>";
		};
		3F07F6B81D8AFA310040E7B6 /* Frameworks */ = {
			isa = PBXGroup;
			children = (
				3F07F6B91D8AFA320040E7B6 /* AVFoundation.framework */,
			);
			name = Frameworks;
			sourceTree = "<group>";
		};
/* End PBXGroup section */

/* Begin PBXNativeTarget section */
		3F07F6971D8AF9E60040E7B6 /* HaHa */ = {
			isa = PBXNativeTarget;
			buildConfigurationList = 3F07F6AA1D8AF9E60040E7B6 /* Build configuration list for PBXNativeTarget "HaHa" */;
			buildPhases = (
				3F07F6941D8AF9E60040E7B6 /* Sources */,
				3F07F6951D8AF9E60040E7B6 /* Frameworks */,
				3F07F6961D8AF9E60040E7B6 /* Resources */,
			);
			buildRules = (
			);
			dependencies = (
			);
			name = HaHa;
			productName = HaHa;
			productReference = 3F07F6981D8AF9E60040E7B6 /* HaHa.app */;
			productType = "com.apple.product-type.application";
		};
/* End PBXNativeTarget section */

/* Begin PBXProject section */
		3F07F6901D8AF9E60040E7B6 /* Project object */ = {
			isa = PBXProject;
			attributes = {
				LastSwiftUpdateCheck = 0800;
				LastUpgradeCheck = 0800;
				ORGANIZATIONNAME = "Willy Choi";
				TargetAttributes = {
					3F07F6971D8AF9E60040E7B6 = {
						CreatedOnToolsVersion = 8.0;
						ProvisioningStyle = Automatic;
					};
				};
			};
			buildConfigurationList = 3F07F6931D8AF9E60040E7B6 /* Build configuration list for PBXProject "HaHa" */;
			compatibilityVersion = "Xcode 3.2";
			developmentRegion = English;
			hasScannedForEncodings = 0;
			knownRegions = (
				en,
				Base,
			);
			mainGroup = 3F07F68F1D8AF9E60040E7B6;
			productRefGroup = 3F07F6991D8AF9E60040E7B6 /* Products */;
			projectDirPath = "";
			projectRoot = "";
			targets = (
				3F07F6971D8AF9E60040E7B6 /* HaHa */,
			);
		};
/* End PBXProject section */

/* Begin PBXResourcesBuildPhase section */
		3F07F6961D8AF9E60040E7B6 /* Resources */ = {
			isa = PBXResourcesBuildPhase;
			buildActionMask = 2147483647;
			files = (
				3F07F6B71D8AF9FA0040E7B6 /* ralph_icon.png in Resources */,
				3F07F6A61D8AF9E60040E7B6 /* LaunchScreen.storyboard in Resources */,
				3F07F6B41D8AF9FA0040E7B6 /* haha.mp3 in Resources */,
				3F07F6B51D8AF9FA0040E7B6 /* nelson.png in Resources */,
				3F07F6A31D8AF9E60040E7B6 /* Assets.xcassets in Resources */,
				3F07F6B31D8AF9FA0040E7B6 /* bart_button.png in Resources */,
				3F07F6B61D8AF9FA0040E7B6 /* ralph_button.png in Resources */,
				3F07F6A11D8AF9E60040E7B6 /* Main.storyboard in Resources */,
			);
			runOnlyForDeploymentPostprocessing = 0;
		};
/* End PBXResourcesBuildPhase section */

/* Begin PBXSourcesBuildPhase section */
		3F07F6941D8AF9E60040E7B6 /* Sources */ = {
			isa = PBXSourcesBuildPhase;
			buildActionMask = 2147483647;
			files = (
				3F07F69E1D8AF9E60040E7B6 /* HaHaViewController.swift in Sources */,
				3F07F69C1D8AF9E60040E7B6 /* AppDelegate.swift in Sources */,
			);
			runOnlyForDeploymentPostprocessing = 0;
		};
/* End PBXSourcesBuildPhase section */

/* Begin PBXVariantGroup section */
		3F07F69F1D8AF9E60040E7B6 /* Main.storyboard */ = {
			isa = PBXVariantGroup;
			children = (
				3F07F6A01D8AF9E60040E7B6 /* Base */,
			);
			name = Main.storyboard;
			sourceTree = "<group>";
		};
		3F07F6A41D8AF9E60040E7B6 /* LaunchScreen.storyboard */ = {
			isa = PBXVariantGroup;
			children = (
				3F07F6A51D8AF9E60040E7B6 /* Base */,
			);
			name = LaunchScreen.storyboard;
			sourceTree = "<group>";
		};
/* End PBXVariantGroup section */

/* Begin XCBuildConfiguration section */
		3F07F6A81D8AF9E60040E7B6 /* Debug */ = {
			isa = XCBuildConfiguration;
			buildSettings = {
				ALWAYS_SEARCH_USER_PATHS = NO;
				CLANG_ANALYZER_NONNULL = YES;
				CLANG_CXX_LANGUAGE_STANDARD = "gnu++0x";
				CLANG_CXX_LIBRARY = "libc++";
				CLANG_ENABLE_MODULES = YES;
				CLANG_ENABLE_OBJC_ARC = YES;
				CLANG_WARN_BOOL_CONVERSION = YES;
				CLANG_WARN_CONSTANT_CONVERSION = YES;
				CLANG_WARN_DIRECT_OBJC_ISA_USAGE = YES_ERROR;
				CLANG_WARN_DOCUMENTATION_COMMENTS = YES;
				CLANG_WARN_EMPTY_BODY = YES;
				CLANG_WARN_ENUM_CONVERSION = YES;
				CLANG_WARN_INFINITE_RECURSION = YES;
				CLANG_WARN_INT_CONVERSION = YES;
				CLANG_WARN_OBJC_ROOT_CLASS = YES_ERROR;
				CLANG_WARN_SUSPICIOUS_MOVES = YES;
				CLANG_WARN_UNREACHABLE_CODE = YES;
				CLANG_WARN__DUPLICATE_METHOD_MATCH = YES;
				"CODE_SIGN_IDENTITY[sdk=iphoneos*]" = "iPhone Developer";
				COPY_PHASE_STRIP = NO;
				DEBUG_INFORMATION_FORMAT = dwarf;
				ENABLE_STRICT_OBJC_MSGSEND = YES;
				ENABLE_TESTABILITY = YES;
				GCC_C_LANGUAGE_STANDARD = gnu99;
				GCC_DYNAMIC_NO_PIC = NO;
				GCC_NO_COMMON_BLOCKS = YES;
				GCC_OPTIMIZATION_LEVEL = 0;
				GCC_PREPROCESSOR_DEFINITIONS = (
					"DEBUG=1",
					"$(inherited)",
				);
				GCC_WARN_64_TO_32_BIT_CONVERSION = YES;
				GCC_WARN_ABOUT_RETURN_TYPE = YES_ERROR;
				GCC_WARN_UNDECLARED_SELECTOR = YES;
				GCC_WARN_UNINITIALIZED_AUTOS = YES_AGGRESSIVE;
				GCC_WARN_UNUSED_FUNCTION = YES;
				GCC_WARN_UNUSED_VARIABLE = YES;
				IPHONEOS_DEPLOYMENT_TARGET = 10.0;
				MTL_ENABLE_DEBUG_INFO = YES;
				ONLY_ACTIVE_ARCH = YES;
				SDKROOT = iphoneos;
				SWIFT_ACTIVE_COMPILATION_CONDITIONS = DEBUG;
				SWIFT_OPTIMIZATION_LEVEL = "-Onone";
				TARGETED_DEVICE_FAMILY = "1,2";
			};
			name = Debug;
		};
		3F07F6A91D8AF9E60040E7B6 /* Release */ = {
			isa = XCBuildConfiguration;
			buildSettings = {
				ALWAYS_SEARCH_USER_PATHS = NO;
				CLANG_ANALYZER_NONNULL = YES;
				CLANG_CXX_LANGUAGE_STANDARD = "gnu++0x";
				CLANG_CXX_LIBRARY = "libc++";
				CLANG_ENABLE_MODULES = YES;
				CLANG_ENABLE_OBJC_ARC = YES;
				CLANG_WARN_BOOL_CONVERSION = YES;
				CLANG_WARN_CONSTANT_CONVERSION = YES;
				CLANG_WARN_DIRECT_OBJC_ISA_USAGE = YES_ERROR;
				CLANG_WARN_DOCUMENTATION_COMMENTS = YES;
				CLANG_WARN_EMPTY_BODY = YES;
				CLANG_WARN_ENUM_CONVERSION = YES;
				CLANG_WARN_INFINITE_RECURSION = YES;
				CLANG_WARN_INT_CONVERSION = YES;
				CLANG_WARN_OBJC_ROOT_CLASS = YES_ERROR;
				CLANG_WARN_SUSPICIOUS_MOVES = YES;
				CLANG_WARN_UNREACHABLE_CODE = YES;
				CLANG_WARN__DUPLICATE_METHOD_MATCH = YES;
				"CODE_SIGN_IDENTITY[sdk=iphoneos*]" = "iPhone Developer";
				COPY_PHASE_STRIP = NO;
				DEBUG_INFORMATION_FORMAT = "dwarf-with-dsym";
				ENABLE_NS_ASSERTIONS = NO;
				ENABLE_STRICT_OBJC_MSGSEND = YES;
				GCC_C_LANGUAGE_STANDARD = gnu99;
				GCC_NO_COMMON_BLOCKS = YES;
				GCC_WARN_64_TO_32_BIT_CONVERSION = YES;
				GCC_WARN_ABOUT_RETURN_TYPE = YES_ERROR;
				GCC_WARN_UNDECLARED_SELECTOR = YES;
				GCC_WARN_UNINITIALIZED_AUTOS = YES_AGGRESSIVE;
				GCC_WARN_UNUSED_FUNCTION = YES;
				GCC_WARN_UNUSED_VARIABLE = YES;
				IPHONEOS_DEPLOYMENT_TARGET = 10.0;
				MTL_ENABLE_DEBUG_INFO = NO;
				SDKROOT = iphoneos;
				SWIFT_OPTIMIZATION_LEVEL = "-Owholemodule";
				TARGETED_DEVICE_FAMILY = "1,2";
				VALIDATE_PRODUCT = YES;
			};
			name = Release;
		};
		3F07F6AB1D8AF9E60040E7B6 /* Debug */ = {
			isa = XCBuildConfiguration;
			buildSettings = {
				ASSETCATALOG_COMPILER_APPICON_NAME = AppIcon;
				INFOPLIST_FILE = HaHa/Info.plist;
				LD_RUNPATH_SEARCH_PATHS = "$(inherited) @executable_path/Frameworks";
				PRODUCT_BUNDLE_IDENTIFIER = com.choi.willy.HaHa;
				PRODUCT_NAME = "$(TARGET_NAME)";
				SWIFT_VERSION = 3.0;
			};
			name = Debug;
		};
		3F07F6AC1D8AF9E60040E7B6 /* Release */ = {
			isa = XCBuildConfiguration;
			buildSettings = {
				ASSETCATALOG_COMPILER_APPICON_NAME = AppIcon;
				INFOPLIST_FILE = HaHa/Info.plist;
				LD_RUNPATH_SEARCH_PATHS = "$(inherited) @executable_path/Frameworks";
				PRODUCT_BUNDLE_IDENTIFIER = com.choi.willy.HaHa;
				PRODUCT_NAME = "$(TARGET_NAME)";
				SWIFT_VERSION = 3.0;
			};
			name = Release;
		};
/* End XCBuildConfiguration section */

/* Begin XCConfigurationList section */
		3F07F6931D8AF9E60040E7B6 /* Build configuration list for PBXProject "HaHa" */ = {
			isa = XCConfigurationList;
			buildConfigurations = (
				3F07F6A81D8AF9E60040E7B6 /* Debug */,
				3F07F6A91D8AF9E60040E7B6 /* Release */,
			);
			defaultConfigurationIsVisible = 0;
			defaultConfigurationName = Release;
		};
		3F07F6AA1D8AF9E60040E7B6 /* Build configuration list for PBXNativeTarget "HaHa" */ = {
			isa = XCConfigurationList;
			buildConfigurations = (
				3F07F6AB1D8AF9E60040E7B6 /* Debug */,
				3F07F6AC1D8AF9E60040E7B6 /* Release */,
			);
			defaultConfigurationIsVisible = 0;
		};
/* End XCConfigurationList section */
	};
	rootObject = 3F07F6901D8AF9E60040E7B6 /* Project object */;
}
